// !$*UTF8*$!
{
	archiveVersion = 1;
	classes = {
	};
	objectVersion = 52;
	objects = {

/* Begin PBXBuildFile section */
		910AD27325A60E200051FC98 /* TriviaReduxApp.swift in Sources */ = {isa = PBXBuildFile; fileRef = 910AD27225A60E200051FC98 /* TriviaReduxApp.swift */; };
		910AD27525A60E200051FC98 /* LoginView.swift in Sources */ = {isa = PBXBuildFile; fileRef = 910AD27425A60E200051FC98 /* LoginView.swift */; };
		910AD27725A60E220051FC98 /* Assets.xcassets in Resources */ = {isa = PBXBuildFile; fileRef = 910AD27625A60E220051FC98 /* Assets.xcassets */; };
		910AD27A25A60E220051FC98 /* Preview Assets.xcassets in Resources */ = {isa = PBXBuildFile; fileRef = 910AD27925A60E220051FC98 /* Preview Assets.xcassets */; };
		910AD28525A60E230051FC98 /* TrivialReduxTests.swift in Sources */ = {isa = PBXBuildFile; fileRef = 910AD28425A60E230051FC98 /* TrivialReduxTests.swift */; };
		910AD29025A60E230051FC98 /* TrivialReduxUITests.swift in Sources */ = {isa = PBXBuildFile; fileRef = 910AD28F25A60E230051FC98 /* TrivialReduxUITests.swift */; };
		910AD2A225A60F4D0051FC98 /* BrandFont.swift in Sources */ = {isa = PBXBuildFile; fileRef = 910AD2A125A60F4D0051FC98 /* BrandFont.swift */; };
		910AD2AA25A612BE0051FC98 /* BrandColor.swift in Sources */ = {isa = PBXBuildFile; fileRef = 910AD2A925A612BE0051FC98 /* BrandColor.swift */; };
		910AD2B025A654050051FC98 /* ViewModifiers.swift in Sources */ = {isa = PBXBuildFile; fileRef = 910AD2AF25A654050051FC98 /* ViewModifiers.swift */; };
		9126232C25A65BCD007332CF /* BrandRoundedRectangle.swift in Sources */ = {isa = PBXBuildFile; fileRef = 9126232B25A65BCD007332CF /* BrandRoundedRectangle.swift */; };
		9126233125A66298007332CF /* BrandField.swift in Sources */ = {isa = PBXBuildFile; fileRef = 9126233025A66298007332CF /* BrandField.swift */; };
		9126233625A67D31007332CF /* BrandButton.swift in Sources */ = {isa = PBXBuildFile; fileRef = 9126233525A67D31007332CF /* BrandButton.swift */; };
		9126233D25A681A3007332CF /* Store.swift in Sources */ = {isa = PBXBuildFile; fileRef = 9126233C25A681A3007332CF /* Store.swift */; };
		9126234625A683CF007332CF /* Question.swift in Sources */ = {isa = PBXBuildFile; fileRef = 9126234525A683CF007332CF /* Question.swift */; };
		9126234E25A68415007332CF /* QuestionResponse.swift in Sources */ = {isa = PBXBuildFile; fileRef = 9126234D25A68415007332CF /* QuestionResponse.swift */; };
		9126235625A684D1007332CF /* Router.swift in Sources */ = {isa = PBXBuildFile; fileRef = 9126235525A684D1007332CF /* Router.swift */; };
		9126235B25A68578007332CF /* ServiceLayer.swift in Sources */ = {isa = PBXBuildFile; fileRef = 9126235A25A68578007332CF /* ServiceLayer.swift */; };
		9126236525A68829007332CF /* PublisherExtensions.swift in Sources */ = {isa = PBXBuildFile; fileRef = 9126236425A68829007332CF /* PublisherExtensions.swift */; };
		915989B425ABA44F0059528B /* Astro-Space.ttf in Resources */ = {isa = PBXBuildFile; fileRef = 915989B325ABA44E0059528B /* Astro-Space.ttf */; };
		915989BB25ABBC630059528B /* Keyboard.swift in Sources */ = {isa = PBXBuildFile; fileRef = 915989BA25ABBC630059528B /* Keyboard.swift */; };
		915989C025ABBF040059528B /* HTML.swift in Sources */ = {isa = PBXBuildFile; fileRef = 915989BF25ABBF040059528B /* HTML.swift */; };
		915989C625ABC3B70059528B /* HTMLEntities in Frameworks */ = {isa = PBXBuildFile; productRef = 915989C525ABC3B70059528B /* HTMLEntities */; };
		915989CC25ABC8410059528B /* WinnerView.swift in Sources */ = {isa = PBXBuildFile; fileRef = 915989CB25ABC8410059528B /* WinnerView.swift */; };
		916EA75A25ABF6380054F551 /* ButtonState.swift in Sources */ = {isa = PBXBuildFile; fileRef = 916EA75925ABF6380054F551 /* ButtonState.swift */; };
		9173BF7325A77A9B00FCD5D4 /* LoginViewModel.swift in Sources */ = {isa = PBXBuildFile; fileRef = 9173BF7225A77A9B00FCD5D4 /* LoginViewModel.swift */; };
		9173BF7B25A77EB900FCD5D4 /* Validation.swift in Sources */ = {isa = PBXBuildFile; fileRef = 9173BF7A25A77EB900FCD5D4 /* Validation.swift */; };
		9173BF8025A77EEB00FCD5D4 /* ValidationPublishers.swift in Sources */ = {isa = PBXBuildFile; fileRef = 9173BF7F25A77EEB00FCD5D4 /* ValidationPublishers.swift */; };
		9173BF8525A77F5A00FCD5D4 /* Publisher+Validation.swift in Sources */ = {isa = PBXBuildFile; fileRef = 9173BF8425A77F5A00FCD5D4 /* Publisher+Validation.swift */; };
		9173BF8A25A77FA100FCD5D4 /* Validation+SwiftUI.swift in Sources */ = {isa = PBXBuildFile; fileRef = 9173BF8925A77FA100FCD5D4 /* Validation+SwiftUI.swift */; };
		9185214A25A78FBC006F212F /* Game.swift in Sources */ = {isa = PBXBuildFile; fileRef = 9185214925A78FBC006F212F /* Game.swift */; };
		9185215C25A7C56C006F212F /* ContentView.swift in Sources */ = {isa = PBXBuildFile; fileRef = 9185215B25A7C56C006F212F /* ContentView.swift */; };
		9185216625A7C6D5006F212F /* AppState.swift in Sources */ = {isa = PBXBuildFile; fileRef = 9185216525A7C6D5006F212F /* AppState.swift */; };
		9185216B25A7C7DC006F212F /* AppAction.swift in Sources */ = {isa = PBXBuildFile; fileRef = 9185216A25A7C7DC006F212F /* AppAction.swift */; };
		9185217025A7C87C006F212F /* GameAction.swift in Sources */ = {isa = PBXBuildFile; fileRef = 9185216F25A7C87C006F212F /* GameAction.swift */; };
		9185217525A7C925006F212F /* LoginAction.swift in Sources */ = {isa = PBXBuildFile; fileRef = 9185217425A7C925006F212F /* LoginAction.swift */; };
		9185217A25A7C972006F212F /* SettingsAction.swift in Sources */ = {isa = PBXBuildFile; fileRef = 9185217925A7C972006F212F /* SettingsAction.swift */; };
		918521A425A7D7BD006F212F /* SettingsReducer.swift in Sources */ = {isa = PBXBuildFile; fileRef = 918521A325A7D7BD006F212F /* SettingsReducer.swift */; };
		918521A925A7D93E006F212F /* settingsMiddleware.swift in Sources */ = {isa = PBXBuildFile; fileRef = 918521A825A7D93E006F212F /* settingsMiddleware.swift */; };
		918521B925A7E09F006F212F /* SettingsStore.swift in Sources */ = {isa = PBXBuildFile; fileRef = 918521B825A7E09F006F212F /* SettingsStore.swift */; };
		918521BE25A86A2C006F212F /* GameMiddleware.swift in Sources */ = {isa = PBXBuildFile; fileRef = 918521BD25A86A2C006F212F /* GameMiddleware.swift */; };
		918521C325A86A59006F212F /* GameStore.swift in Sources */ = {isa = PBXBuildFile; fileRef = 918521C225A86A59006F212F /* GameStore.swift */; };
		918521C825A86B7B006F212F /* CodingKeys.swift in Sources */ = {isa = PBXBuildFile; fileRef = 918521C725A86B7B006F212F /* CodingKeys.swift */; };
		918521CD25A86CA8006F212F /* PropertyWrapper.swift in Sources */ = {isa = PBXBuildFile; fileRef = 918521CC25A86CA8006F212F /* PropertyWrapper.swift */; };
		918521D525A877FC006F212F /* Constants.swift in Sources */ = {isa = PBXBuildFile; fileRef = 918521D425A877FC006F212F /* Constants.swift */; };
		918521DD25A885A1006F212F /* GameReducer.swift in Sources */ = {isa = PBXBuildFile; fileRef = 918521DC25A885A1006F212F /* GameReducer.swift */; };
		918521E225A89616006F212F /* logMiddleware.swift in Sources */ = {isa = PBXBuildFile; fileRef = 918521E125A89615006F212F /* logMiddleware.swift */; };
		918521E825A8AF33006F212F /* ServiceLocator.swift in Sources */ = {isa = PBXBuildFile; fileRef = 918521E725A8AF33006F212F /* ServiceLocator.swift */; };
		918521EE25A91921006F212F /* InitialState.swift in Sources */ = {isa = PBXBuildFile; fileRef = 918521ED25A91921006F212F /* InitialState.swift */; };
		918521F625A9D5DE006F212F /* Player.swift in Sources */ = {isa = PBXBuildFile; fileRef = 918521F525A9D5DD006F212F /* Player.swift */; };
		9185220425A9D72A006F212F /* BrandPlayerCounter.swift in Sources */ = {isa = PBXBuildFile; fileRef = 9185220325A9D72A006F212F /* BrandPlayerCounter.swift */; };
		919E093325A68ED800458960 /* QuestionsAction.swift in Sources */ = {isa = PBXBuildFile; fileRef = 919E093225A68ED800458960 /* QuestionsAction.swift */; };
		919E093825A68F1400458960 /* Reducer.swift in Sources */ = {isa = PBXBuildFile; fileRef = 919E093725A68F1400458960 /* Reducer.swift */; };
		91EBFDE025B0AE400068E71B /* QuestionText.swift in Sources */ = {isa = PBXBuildFile; fileRef = 91EBFDDF25B0AE400068E71B /* QuestionText.swift */; };
/* End PBXBuildFile section */

/* Begin PBXContainerItemProxy section */
		910AD28125A60E230051FC98 /* PBXContainerItemProxy */ = {
			isa = PBXContainerItemProxy;
			containerPortal = 910AD26725A60E200051FC98 /* Project object */;
			proxyType = 1;
			remoteGlobalIDString = 910AD26E25A60E200051FC98;
			remoteInfo = "Trivial iOS";
		};
		910AD28C25A60E230051FC98 /* PBXContainerItemProxy */ = {
			isa = PBXContainerItemProxy;
			containerPortal = 910AD26725A60E200051FC98 /* Project object */;
			proxyType = 1;
			remoteGlobalIDString = 910AD26E25A60E200051FC98;
			remoteInfo = "Trivial iOS";
		};
/* End PBXContainerItemProxy section */

/* Begin PBXFileReference section */
		910AD26F25A60E200051FC98 /* TriviaRedux.app */ = {isa = PBXFileReference; explicitFileType = wrapper.application; includeInIndex = 0; path = TriviaRedux.app; sourceTree = BUILT_PRODUCTS_DIR; };
		910AD27225A60E200051FC98 /* TriviaReduxApp.swift */ = {isa = PBXFileReference; lastKnownFileType = sourcecode.swift; path = TriviaReduxApp.swift; sourceTree = "<group>"; };
		910AD27425A60E200051FC98 /* LoginView.swift */ = {isa = PBXFileReference; lastKnownFileType = sourcecode.swift; path = LoginView.swift; sourceTree = "<group>"; };
		910AD27625A60E220051FC98 /* Assets.xcassets */ = {isa = PBXFileReference; lastKnownFileType = folder.assetcatalog; path = Assets.xcassets; sourceTree = "<group>"; };
		910AD27925A60E220051FC98 /* Preview Assets.xcassets */ = {isa = PBXFileReference; lastKnownFileType = folder.assetcatalog; path = "Preview Assets.xcassets"; sourceTree = "<group>"; };
		910AD27B25A60E220051FC98 /* Info.plist */ = {isa = PBXFileReference; lastKnownFileType = text.plist.xml; path = Info.plist; sourceTree = "<group>"; };
		910AD28025A60E230051FC98 /* TriviaReduxTests.xctest */ = {isa = PBXFileReference; explicitFileType = wrapper.cfbundle; includeInIndex = 0; path = TriviaReduxTests.xctest; sourceTree = BUILT_PRODUCTS_DIR; };
		910AD28425A60E230051FC98 /* TrivialReduxTests.swift */ = {isa = PBXFileReference; lastKnownFileType = sourcecode.swift; path = TrivialReduxTests.swift; sourceTree = "<group>"; };
		910AD28625A60E230051FC98 /* Info.plist */ = {isa = PBXFileReference; lastKnownFileType = text.plist.xml; path = Info.plist; sourceTree = "<group>"; };
		910AD28B25A60E230051FC98 /* TriviaReduxUITests.xctest */ = {isa = PBXFileReference; explicitFileType = wrapper.cfbundle; includeInIndex = 0; path = TriviaReduxUITests.xctest; sourceTree = BUILT_PRODUCTS_DIR; };
		910AD28F25A60E230051FC98 /* TrivialReduxUITests.swift */ = {isa = PBXFileReference; lastKnownFileType = sourcecode.swift; path = TrivialReduxUITests.swift; sourceTree = "<group>"; };
		910AD29125A60E230051FC98 /* Info.plist */ = {isa = PBXFileReference; lastKnownFileType = text.plist.xml; path = Info.plist; sourceTree = "<group>"; };
		910AD2A125A60F4D0051FC98 /* BrandFont.swift */ = {isa = PBXFileReference; lastKnownFileType = sourcecode.swift; path = BrandFont.swift; sourceTree = "<group>"; };
		910AD2A925A612BE0051FC98 /* BrandColor.swift */ = {isa = PBXFileReference; lastKnownFileType = sourcecode.swift; path = BrandColor.swift; sourceTree = "<group>"; };
		910AD2AF25A654050051FC98 /* ViewModifiers.swift */ = {isa = PBXFileReference; lastKnownFileType = sourcecode.swift; path = ViewModifiers.swift; sourceTree = "<group>"; };
		9126232B25A65BCD007332CF /* BrandRoundedRectangle.swift */ = {isa = PBXFileReference; lastKnownFileType = sourcecode.swift; path = BrandRoundedRectangle.swift; sourceTree = "<group>"; };
		9126233025A66298007332CF /* BrandField.swift */ = {isa = PBXFileReference; lastKnownFileType = sourcecode.swift; path = BrandField.swift; sourceTree = "<group>"; };
		9126233525A67D31007332CF /* BrandButton.swift */ = {isa = PBXFileReference; lastKnownFileType = sourcecode.swift; path = BrandButton.swift; sourceTree = "<group>"; };
		9126233C25A681A3007332CF /* Store.swift */ = {isa = PBXFileReference; lastKnownFileType = sourcecode.swift; path = Store.swift; sourceTree = "<group>"; };
		9126234525A683CF007332CF /* Question.swift */ = {isa = PBXFileReference; lastKnownFileType = sourcecode.swift; path = Question.swift; sourceTree = "<group>"; };
		9126234D25A68415007332CF /* QuestionResponse.swift */ = {isa = PBXFileReference; lastKnownFileType = sourcecode.swift; path = QuestionResponse.swift; sourceTree = "<group>"; };
		9126235525A684D1007332CF /* Router.swift */ = {isa = PBXFileReference; lastKnownFileType = sourcecode.swift; path = Router.swift; sourceTree = "<group>"; };
		9126235A25A68578007332CF /* ServiceLayer.swift */ = {isa = PBXFileReference; lastKnownFileType = sourcecode.swift; path = ServiceLayer.swift; sourceTree = "<group>"; };
		9126236425A68829007332CF /* PublisherExtensions.swift */ = {isa = PBXFileReference; lastKnownFileType = sourcecode.swift; path = PublisherExtensions.swift; sourceTree = "<group>"; };
		915989B325ABA44E0059528B /* Astro-Space.ttf */ = {isa = PBXFileReference; lastKnownFileType = file; path = "Astro-Space.ttf"; sourceTree = "<group>"; };
		915989BA25ABBC630059528B /* Keyboard.swift */ = {isa = PBXFileReference; lastKnownFileType = sourcecode.swift; path = Keyboard.swift; sourceTree = "<group>"; };
		915989BF25ABBF040059528B /* HTML.swift */ = {isa = PBXFileReference; lastKnownFileType = sourcecode.swift; path = HTML.swift; sourceTree = "<group>"; };
		915989CB25ABC8410059528B /* WinnerView.swift */ = {isa = PBXFileReference; lastKnownFileType = sourcecode.swift; path = WinnerView.swift; sourceTree = "<group>"; };
		916EA75925ABF6380054F551 /* ButtonState.swift */ = {isa = PBXFileReference; lastKnownFileType = sourcecode.swift; path = ButtonState.swift; sourceTree = "<group>"; };
		9173BF7225A77A9B00FCD5D4 /* LoginViewModel.swift */ = {isa = PBXFileReference; lastKnownFileType = sourcecode.swift; path = LoginViewModel.swift; sourceTree = "<group>"; };
		9173BF7A25A77EB900FCD5D4 /* Validation.swift */ = {isa = PBXFileReference; lastKnownFileType = sourcecode.swift; path = Validation.swift; sourceTree = "<group>"; };
		9173BF7F25A77EEB00FCD5D4 /* ValidationPublishers.swift */ = {isa = PBXFileReference; lastKnownFileType = sourcecode.swift; path = ValidationPublishers.swift; sourceTree = "<group>"; };
		9173BF8425A77F5A00FCD5D4 /* Publisher+Validation.swift */ = {isa = PBXFileReference; lastKnownFileType = sourcecode.swift; path = "Publisher+Validation.swift"; sourceTree = "<group>"; };
		9173BF8925A77FA100FCD5D4 /* Validation+SwiftUI.swift */ = {isa = PBXFileReference; lastKnownFileType = sourcecode.swift; path = "Validation+SwiftUI.swift"; sourceTree = "<group>"; };
		9185214925A78FBC006F212F /* Game.swift */ = {isa = PBXFileReference; lastKnownFileType = sourcecode.swift; path = Game.swift; sourceTree = "<group>"; };
		9185215B25A7C56C006F212F /* ContentView.swift */ = {isa = PBXFileReference; lastKnownFileType = sourcecode.swift; path = ContentView.swift; sourceTree = "<group>"; };
		9185216525A7C6D5006F212F /* AppState.swift */ = {isa = PBXFileReference; lastKnownFileType = sourcecode.swift; path = AppState.swift; sourceTree = "<group>"; };
		9185216A25A7C7DC006F212F /* AppAction.swift */ = {isa = PBXFileReference; lastKnownFileType = sourcecode.swift; path = AppAction.swift; sourceTree = "<group>"; };
		9185216F25A7C87C006F212F /* GameAction.swift */ = {isa = PBXFileReference; lastKnownFileType = sourcecode.swift; path = GameAction.swift; sourceTree = "<group>"; };
		9185217425A7C925006F212F /* LoginAction.swift */ = {isa = PBXFileReference; lastKnownFileType = sourcecode.swift; path = LoginAction.swift; sourceTree = "<group>"; };
		9185217925A7C972006F212F /* SettingsAction.swift */ = {isa = PBXFileReference; lastKnownFileType = sourcecode.swift; path = SettingsAction.swift; sourceTree = "<group>"; };
		918521A325A7D7BD006F212F /* SettingsReducer.swift */ = {isa = PBXFileReference; lastKnownFileType = sourcecode.swift; path = SettingsReducer.swift; sourceTree = "<group>"; };
		918521A825A7D93E006F212F /* settingsMiddleware.swift */ = {isa = PBXFileReference; lastKnownFileType = sourcecode.swift; path = settingsMiddleware.swift; sourceTree = "<group>"; };
		918521B825A7E09F006F212F /* SettingsStore.swift */ = {isa = PBXFileReference; lastKnownFileType = sourcecode.swift; path = SettingsStore.swift; sourceTree = "<group>"; };
		918521BD25A86A2C006F212F /* GameMiddleware.swift */ = {isa = PBXFileReference; lastKnownFileType = sourcecode.swift; path = GameMiddleware.swift; sourceTree = "<group>"; };
		918521C225A86A59006F212F /* GameStore.swift */ = {isa = PBXFileReference; lastKnownFileType = sourcecode.swift; path = GameStore.swift; sourceTree = "<group>"; };
		918521C725A86B7B006F212F /* CodingKeys.swift */ = {isa = PBXFileReference; lastKnownFileType = sourcecode.swift; path = CodingKeys.swift; sourceTree = "<group>"; };
		918521CC25A86CA8006F212F /* PropertyWrapper.swift */ = {isa = PBXFileReference; lastKnownFileType = sourcecode.swift; path = PropertyWrapper.swift; sourceTree = "<group>"; };
		918521D425A877FC006F212F /* Constants.swift */ = {isa = PBXFileReference; lastKnownFileType = sourcecode.swift; path = Constants.swift; sourceTree = "<group>"; };
		918521DC25A885A1006F212F /* GameReducer.swift */ = {isa = PBXFileReference; lastKnownFileType = sourcecode.swift; path = GameReducer.swift; sourceTree = "<group>"; };
		918521E125A89615006F212F /* logMiddleware.swift */ = {isa = PBXFileReference; lastKnownFileType = sourcecode.swift; path = logMiddleware.swift; sourceTree = "<group>"; };
		918521E725A8AF33006F212F /* ServiceLocator.swift */ = {isa = PBXFileReference; lastKnownFileType = sourcecode.swift; path = ServiceLocator.swift; sourceTree = "<group>"; };
		918521ED25A91921006F212F /* InitialState.swift */ = {isa = PBXFileReference; lastKnownFileType = sourcecode.swift; path = InitialState.swift; sourceTree = "<group>"; };
		918521F525A9D5DD006F212F /* Player.swift */ = {isa = PBXFileReference; lastKnownFileType = sourcecode.swift; path = Player.swift; sourceTree = "<group>"; };
		9185220325A9D72A006F212F /* BrandPlayerCounter.swift */ = {isa = PBXFileReference; lastKnownFileType = sourcecode.swift; path = BrandPlayerCounter.swift; sourceTree = "<group>"; };
		919E093225A68ED800458960 /* QuestionsAction.swift */ = {isa = PBXFileReference; lastKnownFileType = sourcecode.swift; path = QuestionsAction.swift; sourceTree = "<group>"; };
		919E093725A68F1400458960 /* Reducer.swift */ = {isa = PBXFileReference; lastKnownFileType = sourcecode.swift; path = Reducer.swift; sourceTree = "<group>"; };
		91EBFDDF25B0AE400068E71B /* QuestionText.swift */ = {isa = PBXFileReference; lastKnownFileType = sourcecode.swift; path = QuestionText.swift; sourceTree = "<group>"; };
/* End PBXFileReference section */

/* Begin PBXFrameworksBuildPhase section */
		910AD26C25A60E200051FC98 /* Frameworks */ = {
			isa = PBXFrameworksBuildPhase;
			buildActionMask = 2147483647;
			files = (
				915989C625ABC3B70059528B /* HTMLEntities in Frameworks */,
			);
			runOnlyForDeploymentPostprocessing = 0;
		};
		910AD27D25A60E230051FC98 /* Frameworks */ = {
			isa = PBXFrameworksBuildPhase;
			buildActionMask = 2147483647;
			files = (
			);
			runOnlyForDeploymentPostprocessing = 0;
		};
		910AD28825A60E230051FC98 /* Frameworks */ = {
			isa = PBXFrameworksBuildPhase;
			buildActionMask = 2147483647;
			files = (
			);
			runOnlyForDeploymentPostprocessing = 0;
		};
/* End PBXFrameworksBuildPhase section */

/* Begin PBXGroup section */
		910AD26625A60E200051FC98 = {
			isa = PBXGroup;
			children = (
				910AD27125A60E200051FC98 /* TriviaRedux */,
				910AD28325A60E230051FC98 /* TriviaReduxTests */,
				910AD28E25A60E230051FC98 /* TriviaReduxUITests */,
				910AD27025A60E200051FC98 /* Products */,
			);
			sourceTree = "<group>";
		};
		910AD27025A60E200051FC98 /* Products */ = {
			isa = PBXGroup;
			children = (
				910AD26F25A60E200051FC98 /* TriviaRedux.app */,
				910AD28025A60E230051FC98 /* TriviaReduxTests.xctest */,
				910AD28B25A60E230051FC98 /* TriviaReduxUITests.xctest */,
			);
			name = Products;
			sourceTree = "<group>";
		};
		910AD27125A60E200051FC98 /* TriviaRedux */ = {
			isa = PBXGroup;
			children = (
				919E094425A68F8F00458960 /* Modules */,
				910AD2AE25A653F60051FC98 /* Util */,
				9126234425A683BF007332CF /* Model */,
				910AD2A025A60F3F0051FC98 /* Brand */,
				910AD27625A60E220051FC98 /* Assets.xcassets */,
				910AD27B25A60E220051FC98 /* Info.plist */,
				910AD27225A60E200051FC98 /* TriviaReduxApp.swift */,
				910AD27825A60E220051FC98 /* Preview Content */,
			);
			path = TriviaRedux;
			sourceTree = "<group>";
		};
		910AD27825A60E220051FC98 /* Preview Content */ = {
			isa = PBXGroup;
			children = (
				910AD27925A60E220051FC98 /* Preview Assets.xcassets */,
			);
			path = "Preview Content";
			sourceTree = "<group>";
		};
		910AD28325A60E230051FC98 /* TriviaReduxTests */ = {
			isa = PBXGroup;
			children = (
				910AD28425A60E230051FC98 /* TrivialReduxTests.swift */,
				910AD28625A60E230051FC98 /* Info.plist */,
			);
			path = TriviaReduxTests;
			sourceTree = "<group>";
		};
		910AD28E25A60E230051FC98 /* TriviaReduxUITests */ = {
			isa = PBXGroup;
			children = (
				910AD28F25A60E230051FC98 /* TrivialReduxUITests.swift */,
				910AD29125A60E230051FC98 /* Info.plist */,
			);
			path = TriviaReduxUITests;
			sourceTree = "<group>";
		};
		910AD2A025A60F3F0051FC98 /* Brand */ = {
			isa = PBXGroup;
			children = (
				915989B325ABA44E0059528B /* Astro-Space.ttf */,
				910AD2A125A60F4D0051FC98 /* BrandFont.swift */,
				910AD2A925A612BE0051FC98 /* BrandColor.swift */,
			);
			path = Brand;
			sourceTree = "<group>";
		};
		910AD2AE25A653F60051FC98 /* Util */ = {
			isa = PBXGroup;
			children = (
				918521AD25A7DDA0006F212F /* Defaults */,
				9185214725A78EB7006F212F /* BrandViews */,
				9173BF7925A77EA200FCD5D4 /* Validation */,
				9126236425A68829007332CF /* PublisherExtensions.swift */,
				918521D425A877FC006F212F /* Constants.swift */,
				918521E725A8AF33006F212F /* ServiceLocator.swift */,
				915989BF25ABBF040059528B /* HTML.swift */,
			);
			path = Util;
			sourceTree = "<group>";
		};
		9126233B25A68199007332CF /* Redux */ = {
			isa = PBXGroup;
			children = (
				918521EC25A91913006F212F /* States */,
				9185219725A7D75E006F212F /* Reducers */,
				9185218E25A7D413006F212F /* Stores */,
				9185218225A7D11E006F212F /* Middlewares */,
				9185217E25A7CBB6006F212F /* App */,
				9185216425A7C6BF006F212F /* Actions */,
				919E093225A68ED800458960 /* QuestionsAction.swift */,
				919E093725A68F1400458960 /* Reducer.swift */,
			);
			path = Redux;
			sourceTree = "<group>";
		};
		9126234425A683BF007332CF /* Model */ = {
			isa = PBXGroup;
			children = (
				9126234525A683CF007332CF /* Question.swift */,
				9126234D25A68415007332CF /* QuestionResponse.swift */,
				918521F525A9D5DD006F212F /* Player.swift */,
			);
			path = Model;
			sourceTree = "<group>";
		};
		9126235425A684C8007332CF /* APIService */ = {
			isa = PBXGroup;
			children = (
				9126235525A684D1007332CF /* Router.swift */,
				9126235A25A68578007332CF /* ServiceLayer.swift */,
			);
			path = APIService;
			sourceTree = "<group>";
		};
		915989CA25ABC8330059528B /* Winner */ = {
			isa = PBXGroup;
			children = (
				915989CB25ABC8410059528B /* WinnerView.swift */,
			);
			path = Winner;
			sourceTree = "<group>";
		};
		916EA74525ABDEB30054F551 /* ContentView */ = {
			isa = PBXGroup;
			children = (
				9185215B25A7C56C006F212F /* ContentView.swift */,
			);
			path = ContentView;
			sourceTree = "<group>";
		};
		9173BF7125A77A7900FCD5D4 /* Login */ = {
			isa = PBXGroup;
			children = (
				910AD27425A60E200051FC98 /* LoginView.swift */,
				9173BF7225A77A9B00FCD5D4 /* LoginViewModel.swift */,
			);
			path = Login;
			sourceTree = "<group>";
		};
		9173BF7925A77EA200FCD5D4 /* Validation */ = {
			isa = PBXGroup;
			children = (
				9173BF7A25A77EB900FCD5D4 /* Validation.swift */,
				9173BF7F25A77EEB00FCD5D4 /* ValidationPublishers.swift */,
				9173BF8425A77F5A00FCD5D4 /* Publisher+Validation.swift */,
				9173BF8925A77FA100FCD5D4 /* Validation+SwiftUI.swift */,
			);
			path = Validation;
			sourceTree = "<group>";
		};
		9185214725A78EB7006F212F /* BrandViews */ = {
			isa = PBXGroup;
			children = (
				915989BA25ABBC630059528B /* Keyboard.swift */,
				910AD2AF25A654050051FC98 /* ViewModifiers.swift */,
				9126233525A67D31007332CF /* BrandButton.swift */,
				9126233025A66298007332CF /* BrandField.swift */,
				9126232B25A65BCD007332CF /* BrandRoundedRectangle.swift */,
				9185220325A9D72A006F212F /* BrandPlayerCounter.swift */,
				916EA75925ABF6380054F551 /* ButtonState.swift */,
				91EBFDDF25B0AE400068E71B /* QuestionText.swift */,
			);
			path = BrandViews;
			sourceTree = "<group>";
		};
		9185214825A78FB0006F212F /* Game */ = {
			isa = PBXGroup;
			children = (
				9185214925A78FBC006F212F /* Game.swift */,
			);
			path = Game;
			sourceTree = "<group>";
		};
		9185216425A7C6BF006F212F /* Actions */ = {
			isa = PBXGroup;
			children = (
				9185216F25A7C87C006F212F /* GameAction.swift */,
				9185217425A7C925006F212F /* LoginAction.swift */,
				9185217925A7C972006F212F /* SettingsAction.swift */,
			);
			path = Actions;
			sourceTree = "<group>";
		};
		9185217E25A7CBB6006F212F /* App */ = {
			isa = PBXGroup;
			children = (
				9185216525A7C6D5006F212F /* AppState.swift */,
				9185216A25A7C7DC006F212F /* AppAction.swift */,
				9126233C25A681A3007332CF /* Store.swift */,
			);
			path = App;
			sourceTree = "<group>";
		};
		9185218225A7D11E006F212F /* Middlewares */ = {
			isa = PBXGroup;
			children = (
				918521A825A7D93E006F212F /* settingsMiddleware.swift */,
				918521BD25A86A2C006F212F /* GameMiddleware.swift */,
				918521E125A89615006F212F /* logMiddleware.swift */,
			);
			path = Middlewares;
			sourceTree = "<group>";
		};
		9185218E25A7D413006F212F /* Stores */ = {
			isa = PBXGroup;
			children = (
				918521B825A7E09F006F212F /* SettingsStore.swift */,
				918521C225A86A59006F212F /* GameStore.swift */,
				918521C725A86B7B006F212F /* CodingKeys.swift */,
				918521CC25A86CA8006F212F /* PropertyWrapper.swift */,
			);
			path = Stores;
			sourceTree = "<group>";
		};
		9185219725A7D75E006F212F /* Reducers */ = {
			isa = PBXGroup;
			children = (
				918521A325A7D7BD006F212F /* SettingsReducer.swift */,
				918521DC25A885A1006F212F /* GameReducer.swift */,
			);
			path = Reducers;
			sourceTree = "<group>";
		};
		918521AD25A7DDA0006F212F /* Defaults */ = {
			isa = PBXGroup;
			children = (
			);
			path = Defaults;
			sourceTree = "<group>";
		};
		918521EC25A91913006F212F /* States */ = {
			isa = PBXGroup;
			children = (
				918521ED25A91921006F212F /* InitialState.swift */,
			);
			path = States;
			sourceTree = "<group>";
		};
		919E094425A68F8F00458960 /* Modules */ = {
			isa = PBXGroup;
			children = (
				916EA74525ABDEB30054F551 /* ContentView */,
				915989CA25ABC8330059528B /* Winner */,
				9185214825A78FB0006F212F /* Game */,
				9173BF7125A77A7900FCD5D4 /* Login */,
				9126233B25A68199007332CF /* Redux */,
				9126235425A684C8007332CF /* APIService */,
			);
			path = Modules;
			sourceTree = "<group>";
		};
/* End PBXGroup section */

/* Begin PBXNativeTarget section */
		910AD26E25A60E200051FC98 /* TriviaRedux */ = {
			isa = PBXNativeTarget;
			buildConfigurationList = 910AD29425A60E230051FC98 /* Build configuration list for PBXNativeTarget "TriviaRedux" */;
			buildPhases = (
				910AD26B25A60E200051FC98 /* Sources */,
				910AD26C25A60E200051FC98 /* Frameworks */,
				910AD26D25A60E200051FC98 /* Resources */,
			);
			buildRules = (
			);
			dependencies = (
			);
			name = TriviaRedux;
			packageProductDependencies = (
				915989C525ABC3B70059528B /* HTMLEntities */,
			);
			productName = "Trivial iOS";
			productReference = 910AD26F25A60E200051FC98 /* TriviaRedux.app */;
			productType = "com.apple.product-type.application";
		};
		910AD27F25A60E230051FC98 /* TriviaReduxTests */ = {
			isa = PBXNativeTarget;
			buildConfigurationList = 910AD29725A60E230051FC98 /* Build configuration list for PBXNativeTarget "TriviaReduxTests" */;
			buildPhases = (
				910AD27C25A60E230051FC98 /* Sources */,
				910AD27D25A60E230051FC98 /* Frameworks */,
				910AD27E25A60E230051FC98 /* Resources */,
			);
			buildRules = (
			);
			dependencies = (
				910AD28225A60E230051FC98 /* PBXTargetDependency */,
			);
			name = TriviaReduxTests;
			productName = "Trivial iOSTests";
			productReference = 910AD28025A60E230051FC98 /* TriviaReduxTests.xctest */;
			productType = "com.apple.product-type.bundle.unit-test";
		};
		910AD28A25A60E230051FC98 /* TriviaReduxUITests */ = {
			isa = PBXNativeTarget;
			buildConfigurationList = 910AD29A25A60E230051FC98 /* Build configuration list for PBXNativeTarget "TriviaReduxUITests" */;
			buildPhases = (
				910AD28725A60E230051FC98 /* Sources */,
				910AD28825A60E230051FC98 /* Frameworks */,
				910AD28925A60E230051FC98 /* Resources */,
			);
			buildRules = (
			);
			dependencies = (
				910AD28D25A60E230051FC98 /* PBXTargetDependency */,
			);
			name = TriviaReduxUITests;
			productName = "Trivial iOSUITests";
			productReference = 910AD28B25A60E230051FC98 /* TriviaReduxUITests.xctest */;
			productType = "com.apple.product-type.bundle.ui-testing";
		};
/* End PBXNativeTarget section */

/* Begin PBXProject section */
		910AD26725A60E200051FC98 /* Project object */ = {
			isa = PBXProject;
			attributes = {
				LastSwiftUpdateCheck = 1220;
				LastUpgradeCheck = 1220;
				TargetAttributes = {
					910AD26E25A60E200051FC98 = {
						CreatedOnToolsVersion = 12.2;
					};
					910AD27F25A60E230051FC98 = {
						CreatedOnToolsVersion = 12.2;
						TestTargetID = 910AD26E25A60E200051FC98;
					};
					910AD28A25A60E230051FC98 = {
						CreatedOnToolsVersion = 12.2;
						TestTargetID = 910AD26E25A60E200051FC98;
					};
				};
			};
			buildConfigurationList = 910AD26A25A60E200051FC98 /* Build configuration list for PBXProject "TriviaRedux" */;
			compatibilityVersion = "Xcode 9.3";
			developmentRegion = en;
			hasScannedForEncodings = 0;
			knownRegions = (
				en,
				Base,
			);
			mainGroup = 910AD26625A60E200051FC98;
			packageReferences = (
				915989C425ABC3B70059528B /* XCRemoteSwiftPackageReference "swift-html-entities" */,
			);
			productRefGroup = 910AD27025A60E200051FC98 /* Products */;
			projectDirPath = "";
			projectRoot = "";
			targets = (
				910AD26E25A60E200051FC98 /* TriviaRedux */,
				910AD27F25A60E230051FC98 /* TriviaReduxTests */,
				910AD28A25A60E230051FC98 /* TriviaReduxUITests */,
			);
		};
/* End PBXProject section */

/* Begin PBXResourcesBuildPhase section */
		910AD26D25A60E200051FC98 /* Resources */ = {
			isa = PBXResourcesBuildPhase;
			buildActionMask = 2147483647;
			files = (
				910AD27A25A60E220051FC98 /* Preview Assets.xcassets in Resources */,
				915989B425ABA44F0059528B /* Astro-Space.ttf in Resources */,
				910AD27725A60E220051FC98 /* Assets.xcassets in Resources */,
			);
			runOnlyForDeploymentPostprocessing = 0;
		};
		910AD27E25A60E230051FC98 /* Resources */ = {
			isa = PBXResourcesBuildPhase;
			buildActionMask = 2147483647;
			files = (
			);
			runOnlyForDeploymentPostprocessing = 0;
		};
		910AD28925A60E230051FC98 /* Resources */ = {
			isa = PBXResourcesBuildPhase;
			buildActionMask = 2147483647;
			files = (
			);
			runOnlyForDeploymentPostprocessing = 0;
		};
/* End PBXResourcesBuildPhase section */

/* Begin PBXSourcesBuildPhase section */
		910AD26B25A60E200051FC98 /* Sources */ = {
			isa = PBXSourcesBuildPhase;
			buildActionMask = 2147483647;
			files = (
				915989C025ABBF040059528B /* HTML.swift in Sources */,
				910AD2A225A60F4D0051FC98 /* BrandFont.swift in Sources */,
				9126234E25A68415007332CF /* QuestionResponse.swift in Sources */,
				918521C825A86B7B006F212F /* CodingKeys.swift in Sources */,
				9173BF7B25A77EB900FCD5D4 /* Validation.swift in Sources */,
				9185216625A7C6D5006F212F /* AppState.swift in Sources */,
				918521B925A7E09F006F212F /* SettingsStore.swift in Sources */,
				918521DD25A885A1006F212F /* GameReducer.swift in Sources */,
				9185214A25A78FBC006F212F /* Game.swift in Sources */,
				9126232C25A65BCD007332CF /* BrandRoundedRectangle.swift in Sources */,
				910AD2AA25A612BE0051FC98 /* BrandColor.swift in Sources */,
				9126235B25A68578007332CF /* ServiceLayer.swift in Sources */,
				9173BF8A25A77FA100FCD5D4 /* Validation+SwiftUI.swift in Sources */,
				919E093325A68ED800458960 /* QuestionsAction.swift in Sources */,
				9185220425A9D72A006F212F /* BrandPlayerCounter.swift in Sources */,
				915989BB25ABBC630059528B /* Keyboard.swift in Sources */,
				918521A425A7D7BD006F212F /* SettingsReducer.swift in Sources */,
				918521C325A86A59006F212F /* GameStore.swift in Sources */,
				918521E825A8AF33006F212F /* ServiceLocator.swift in Sources */,
				9126235625A684D1007332CF /* Router.swift in Sources */,
				9185217525A7C925006F212F /* LoginAction.swift in Sources */,
				918521EE25A91921006F212F /* InitialState.swift in Sources */,
				918521A925A7D93E006F212F /* settingsMiddleware.swift in Sources */,
				9185217A25A7C972006F212F /* SettingsAction.swift in Sources */,
				918521CD25A86CA8006F212F /* PropertyWrapper.swift in Sources */,
				9185215C25A7C56C006F212F /* ContentView.swift in Sources */,
				918521D525A877FC006F212F /* Constants.swift in Sources */,
				9126233D25A681A3007332CF /* Store.swift in Sources */,
				9185217025A7C87C006F212F /* GameAction.swift in Sources */,
				919E093825A68F1400458960 /* Reducer.swift in Sources */,
				9173BF8025A77EEB00FCD5D4 /* ValidationPublishers.swift in Sources */,
				910AD27525A60E200051FC98 /* LoginView.swift in Sources */,
				9126234625A683CF007332CF /* Question.swift in Sources */,
				910AD27325A60E200051FC98 /* TriviaReduxApp.swift in Sources */,
				9185216B25A7C7DC006F212F /* AppAction.swift in Sources */,
				918521E225A89616006F212F /* logMiddleware.swift in Sources */,
				918521BE25A86A2C006F212F /* GameMiddleware.swift in Sources */,
				9173BF8525A77F5A00FCD5D4 /* Publisher+Validation.swift in Sources */,
				910AD2B025A654050051FC98 /* ViewModifiers.swift in Sources */,
				91EBFDE025B0AE400068E71B /* QuestionText.swift in Sources */,
				9126233125A66298007332CF /* BrandField.swift in Sources */,
				915989CC25ABC8410059528B /* WinnerView.swift in Sources */,
				916EA75A25ABF6380054F551 /* ButtonState.swift in Sources */,
				9126233625A67D31007332CF /* BrandButton.swift in Sources */,
				9126236525A68829007332CF /* PublisherExtensions.swift in Sources */,
				918521F625A9D5DE006F212F /* Player.swift in Sources */,
				9173BF7325A77A9B00FCD5D4 /* LoginViewModel.swift in Sources */,
			);
			runOnlyForDeploymentPostprocessing = 0;
		};
		910AD27C25A60E230051FC98 /* Sources */ = {
			isa = PBXSourcesBuildPhase;
			buildActionMask = 2147483647;
			files = (
				910AD28525A60E230051FC98 /* TrivialReduxTests.swift in Sources */,
			);
			runOnlyForDeploymentPostprocessing = 0;
		};
		910AD28725A60E230051FC98 /* Sources */ = {
			isa = PBXSourcesBuildPhase;
			buildActionMask = 2147483647;
			files = (
				910AD29025A60E230051FC98 /* TrivialReduxUITests.swift in Sources */,
			);
			runOnlyForDeploymentPostprocessing = 0;
		};
/* End PBXSourcesBuildPhase section */

/* Begin PBXTargetDependency section */
		910AD28225A60E230051FC98 /* PBXTargetDependency */ = {
			isa = PBXTargetDependency;
			target = 910AD26E25A60E200051FC98 /* TriviaRedux */;
			targetProxy = 910AD28125A60E230051FC98 /* PBXContainerItemProxy */;
		};
		910AD28D25A60E230051FC98 /* PBXTargetDependency */ = {
			isa = PBXTargetDependency;
			target = 910AD26E25A60E200051FC98 /* TriviaRedux */;
			targetProxy = 910AD28C25A60E230051FC98 /* PBXContainerItemProxy */;
		};
/* End PBXTargetDependency section */

/* Begin XCBuildConfiguration section */
		910AD29225A60E230051FC98 /* Debug */ = {
			isa = XCBuildConfiguration;
			buildSettings = {
				ALWAYS_SEARCH_USER_PATHS = NO;
				CLANG_ANALYZER_NONNULL = YES;
				CLANG_ANALYZER_NUMBER_OBJECT_CONVERSION = YES_AGGRESSIVE;
				CLANG_CXX_LANGUAGE_STANDARD = "gnu++14";
				CLANG_CXX_LIBRARY = "libc++";
				CLANG_ENABLE_MODULES = YES;
				CLANG_ENABLE_OBJC_ARC = YES;
				CLANG_ENABLE_OBJC_WEAK = YES;
				CLANG_WARN_BLOCK_CAPTURE_AUTORELEASING = YES;
				CLANG_WARN_BOOL_CONVERSION = YES;
				CLANG_WARN_COMMA = YES;
				CLANG_WARN_CONSTANT_CONVERSION = YES;
				CLANG_WARN_DEPRECATED_OBJC_IMPLEMENTATIONS = YES;
				CLANG_WARN_DIRECT_OBJC_ISA_USAGE = YES_ERROR;
				CLANG_WARN_DOCUMENTATION_COMMENTS = YES;
				CLANG_WARN_EMPTY_BODY = YES;
				CLANG_WARN_ENUM_CONVERSION = YES;
				CLANG_WARN_INFINITE_RECURSION = YES;
				CLANG_WARN_INT_CONVERSION = YES;
				CLANG_WARN_NON_LITERAL_NULL_CONVERSION = YES;
				CLANG_WARN_OBJC_IMPLICIT_RETAIN_SELF = YES;
				CLANG_WARN_OBJC_LITERAL_CONVERSION = YES;
				CLANG_WARN_OBJC_ROOT_CLASS = YES_ERROR;
				CLANG_WARN_QUOTED_INCLUDE_IN_FRAMEWORK_HEADER = YES;
				CLANG_WARN_RANGE_LOOP_ANALYSIS = YES;
				CLANG_WARN_STRICT_PROTOTYPES = YES;
				CLANG_WARN_SUSPICIOUS_MOVE = YES;
				CLANG_WARN_UNGUARDED_AVAILABILITY = YES_AGGRESSIVE;
				CLANG_WARN_UNREACHABLE_CODE = YES;
				CLANG_WARN__DUPLICATE_METHOD_MATCH = YES;
				COPY_PHASE_STRIP = NO;
				DEBUG_INFORMATION_FORMAT = dwarf;
				ENABLE_STRICT_OBJC_MSGSEND = YES;
				ENABLE_TESTABILITY = YES;
				GCC_C_LANGUAGE_STANDARD = gnu11;
				GCC_DYNAMIC_NO_PIC = NO;
				GCC_NO_COMMON_BLOCKS = YES;
				GCC_OPTIMIZATION_LEVEL = 0;
				GCC_PREPROCESSOR_DEFINITIONS = (
					"DEBUG=1",
					"$(inherited)",
				);
				GCC_WARN_64_TO_32_BIT_CONVERSION = YES;
				GCC_WARN_ABOUT_RETURN_TYPE = YES_ERROR;
				GCC_WARN_UNDECLARED_SELECTOR = YES;
				GCC_WARN_UNINITIALIZED_AUTOS = YES_AGGRESSIVE;
				GCC_WARN_UNUSED_FUNCTION = YES;
				GCC_WARN_UNUSED_VARIABLE = YES;
				IPHONEOS_DEPLOYMENT_TARGET = 14.2;
				MTL_ENABLE_DEBUG_INFO = INCLUDE_SOURCE;
				MTL_FAST_MATH = YES;
				ONLY_ACTIVE_ARCH = YES;
				SDKROOT = iphoneos;
				SWIFT_ACTIVE_COMPILATION_CONDITIONS = DEBUG;
				SWIFT_OPTIMIZATION_LEVEL = "-Onone";
			};
			name = Debug;
		};
		910AD29325A60E230051FC98 /* Release */ = {
			isa = XCBuildConfiguration;
			buildSettings = {
				ALWAYS_SEARCH_USER_PATHS = NO;
				CLANG_ANALYZER_NONNULL = YES;
				CLANG_ANALYZER_NUMBER_OBJECT_CONVERSION = YES_AGGRESSIVE;
				CLANG_CXX_LANGUAGE_STANDARD = "gnu++14";
				CLANG_CXX_LIBRARY = "libc++";
				CLANG_ENABLE_MODULES = YES;
				CLANG_ENABLE_OBJC_ARC = YES;
				CLANG_ENABLE_OBJC_WEAK = YES;
				CLANG_WARN_BLOCK_CAPTURE_AUTORELEASING = YES;
				CLANG_WARN_BOOL_CONVERSION = YES;
				CLANG_WARN_COMMA = YES;
				CLANG_WARN_CONSTANT_CONVERSION = YES;
				CLANG_WARN_DEPRECATED_OBJC_IMPLEMENTATIONS = YES;
				CLANG_WARN_DIRECT_OBJC_ISA_USAGE = YES_ERROR;
				CLANG_WARN_DOCUMENTATION_COMMENTS = YES;
				CLANG_WARN_EMPTY_BODY = YES;
				CLANG_WARN_ENUM_CONVERSION = YES;
				CLANG_WARN_INFINITE_RECURSION = YES;
				CLANG_WARN_INT_CONVERSION = YES;
				CLANG_WARN_NON_LITERAL_NULL_CONVERSION = YES;
				CLANG_WARN_OBJC_IMPLICIT_RETAIN_SELF = YES;
				CLANG_WARN_OBJC_LITERAL_CONVERSION = YES;
				CLANG_WARN_OBJC_ROOT_CLASS = YES_ERROR;
				CLANG_WARN_QUOTED_INCLUDE_IN_FRAMEWORK_HEADER = YES;
				CLANG_WARN_RANGE_LOOP_ANALYSIS = YES;
				CLANG_WARN_STRICT_PROTOTYPES = YES;
				CLANG_WARN_SUSPICIOUS_MOVE = YES;
				CLANG_WARN_UNGUARDED_AVAILABILITY = YES_AGGRESSIVE;
				CLANG_WARN_UNREACHABLE_CODE = YES;
				CLANG_WARN__DUPLICATE_METHOD_MATCH = YES;
				COPY_PHASE_STRIP = NO;
				DEBUG_INFORMATION_FORMAT = "dwarf-with-dsym";
				ENABLE_NS_ASSERTIONS = NO;
				ENABLE_STRICT_OBJC_MSGSEND = YES;
				GCC_C_LANGUAGE_STANDARD = gnu11;
				GCC_NO_COMMON_BLOCKS = YES;
				GCC_WARN_64_TO_32_BIT_CONVERSION = YES;
				GCC_WARN_ABOUT_RETURN_TYPE = YES_ERROR;
				GCC_WARN_UNDECLARED_SELECTOR = YES;
				GCC_WARN_UNINITIALIZED_AUTOS = YES_AGGRESSIVE;
				GCC_WARN_UNUSED_FUNCTION = YES;
				GCC_WARN_UNUSED_VARIABLE = YES;
				IPHONEOS_DEPLOYMENT_TARGET = 14.2;
				MTL_ENABLE_DEBUG_INFO = NO;
				MTL_FAST_MATH = YES;
				SDKROOT = iphoneos;
				SWIFT_COMPILATION_MODE = wholemodule;
				SWIFT_OPTIMIZATION_LEVEL = "-O";
				VALIDATE_PRODUCT = YES;
			};
			name = Release;
		};
		910AD29525A60E230051FC98 /* Debug */ = {
			isa = XCBuildConfiguration;
			buildSettings = {
				ASSETCATALOG_COMPILER_APPICON_NAME = AppIcon;
				ASSETCATALOG_COMPILER_GLOBAL_ACCENT_COLOR_NAME = AccentColor;
				CODE_SIGN_STYLE = Automatic;
				DEVELOPMENT_ASSET_PATHS = "\"TriviaRedux/Preview Content\"";
				DEVELOPMENT_TEAM = 596PS285KG;
				ENABLE_PREVIEWS = YES;
				INFOPLIST_FILE = TriviaRedux/Info.plist;
				IPHONEOS_DEPLOYMENT_TARGET = 14.0;
				LD_RUNPATH_SEARCH_PATHS = (
					"$(inherited)",
					"@executable_path/Frameworks",
				);
				PRODUCT_BUNDLE_IDENTIFIER = conradomateu.TriviaRedux;
				PRODUCT_NAME = "$(TARGET_NAME)";
				SWIFT_VERSION = 5.0;
				TARGETED_DEVICE_FAMILY = "1,2";
			};
			name = Debug;
		};
		910AD29625A60E230051FC98 /* Release */ = {
			isa = XCBuildConfiguration;
			buildSettings = {
				ASSETCATALOG_COMPILER_APPICON_NAME = AppIcon;
				ASSETCATALOG_COMPILER_GLOBAL_ACCENT_COLOR_NAME = AccentColor;
				CODE_SIGN_STYLE = Automatic;
				DEVELOPMENT_ASSET_PATHS = "\"TriviaRedux/Preview Content\"";
				DEVELOPMENT_TEAM = 596PS285KG;
				ENABLE_PREVIEWS = YES;
				INFOPLIST_FILE = TriviaRedux/Info.plist;
				IPHONEOS_DEPLOYMENT_TARGET = 14.0;
				LD_RUNPATH_SEARCH_PATHS = (
					"$(inherited)",
					"@executable_path/Frameworks",
				);
				PRODUCT_BUNDLE_IDENTIFIER = conradomateu.TriviaRedux;
				PRODUCT_NAME = "$(TARGET_NAME)";
				SWIFT_VERSION = 5.0;
				TARGETED_DEVICE_FAMILY = "1,2";
			};
			name = Release;
		};
		910AD29825A60E230051FC98 /* Debug */ = {
			isa = XCBuildConfiguration;
			buildSettings = {
				ALWAYS_EMBED_SWIFT_STANDARD_LIBRARIES = YES;
				BUNDLE_LOADER = "$(TEST_HOST)";
				CODE_SIGN_STYLE = Automatic;
				DEVELOPMENT_TEAM = 596PS285KG;
				INFOPLIST_FILE = "Trivial iOSTests/Info.plist";
				IPHONEOS_DEPLOYMENT_TARGET = 14.0;
				LD_RUNPATH_SEARCH_PATHS = (
					"$(inherited)",
					"@executable_path/Frameworks",
					"@loader_path/Frameworks",
				);
				PRODUCT_BUNDLE_IDENTIFIER = "conradomateu.Trivial-iOSTests";
				PRODUCT_NAME = "$(TARGET_NAME)";
				SWIFT_VERSION = 5.0;
				TARGETED_DEVICE_FAMILY = "1,2";
				TEST_HOST = "$(BUILT_PRODUCTS_DIR)/TriviaRedux.app/TriviaRedux";
			};
			name = Debug;
		};
		910AD29925A60E230051FC98 /* Release */ = {
			isa = XCBuildConfiguration;
			buildSettings = {
				ALWAYS_EMBED_SWIFT_STANDARD_LIBRARIES = YES;
				BUNDLE_LOADER = "$(TEST_HOST)";
				CODE_SIGN_STYLE = Automatic;
				DEVELOPMENT_TEAM = 596PS285KG;
				INFOPLIST_FILE = "Trivial iOSTests/Info.plist";
				IPHONEOS_DEPLOYMENT_TARGET = 14.0;
				LD_RUNPATH_SEARCH_PATHS = (
					"$(inherited)",
					"@executable_path/Frameworks",
					"@loader_path/Frameworks",
				);
				PRODUCT_BUNDLE_IDENTIFIER = "conradomateu.Trivial-iOSTests";
				PRODUCT_NAME = "$(TARGET_NAME)";
				SWIFT_VERSION = 5.0;
				TARGETED_DEVICE_FAMILY = "1,2";
				TEST_HOST = "$(BUILT_PRODUCTS_DIR)/TriviaRedux.app/TriviaRedux";
			};
			name = Release;
		};
		910AD29B25A60E230051FC98 /* Debug */ = {
			isa = XCBuildConfiguration;
			buildSettings = {
				ALWAYS_EMBED_SWIFT_STANDARD_LIBRARIES = YES;
				CODE_SIGN_STYLE = Automatic;
				DEVELOPMENT_TEAM = 596PS285KG;
				INFOPLIST_FILE = TriviaReduxUITests/Info.plist;
				LD_RUNPATH_SEARCH_PATHS = (
					"$(inherited)",
					"@executable_path/Frameworks",
					"@loader_path/Frameworks",
				);
				PRODUCT_BUNDLE_IDENTIFIER = conradomateu.TriviaReduxUITests;
				PRODUCT_NAME = "$(TARGET_NAME)";
				SWIFT_VERSION = 5.0;
				TARGETED_DEVICE_FAMILY = "1,2";
				TEST_TARGET_NAME = "Trivial iOS";
			};
			name = Debug;
		};
		910AD29C25A60E230051FC98 /* Release */ = {
			isa = XCBuildConfiguration;
			buildSettings = {
				ALWAYS_EMBED_SWIFT_STANDARD_LIBRARIES = YES;
				CODE_SIGN_STYLE = Automatic;
				DEVELOPMENT_TEAM = 596PS285KG;
				INFOPLIST_FILE = TriviaReduxUITests/Info.plist;
				LD_RUNPATH_SEARCH_PATHS = (
					"$(inherited)",
					"@executable_path/Frameworks",
					"@loader_path/Frameworks",
				);
				PRODUCT_BUNDLE_IDENTIFIER = conradomateu.TriviaReduxUITests;
				PRODUCT_NAME = "$(TARGET_NAME)";
				SWIFT_VERSION = 5.0;
				TARGETED_DEVICE_FAMILY = "1,2";
				TEST_TARGET_NAME = "Trivial iOS";
			};
			name = Release;
		};
/* End XCBuildConfiguration section */

/* Begin XCConfigurationList section */
		910AD26A25A60E200051FC98 /* Build configuration list for PBXProject "TriviaRedux" */ = {
			isa = XCConfigurationList;
			buildConfigurations = (
				910AD29225A60E230051FC98 /* Debug */,
				910AD29325A60E230051FC98 /* Release */,
			);
			defaultConfigurationIsVisible = 0;
			defaultConfigurationName = Release;
		};
		910AD29425A60E230051FC98 /* Build configuration list for PBXNativeTarget "TriviaRedux" */ = {
			isa = XCConfigurationList;
			buildConfigurations = (
				910AD29525A60E230051FC98 /* Debug */,
				910AD29625A60E230051FC98 /* Release */,
			);
			defaultConfigurationIsVisible = 0;
			defaultConfigurationName = Release;
		};
		910AD29725A60E230051FC98 /* Build configuration list for PBXNativeTarget "TriviaReduxTests" */ = {
			isa = XCConfigurationList;
			buildConfigurations = (
				910AD29825A60E230051FC98 /* Debug */,
				910AD29925A60E230051FC98 /* Release */,
			);
			defaultConfigurationIsVisible = 0;
			defaultConfigurationName = Release;
		};
		910AD29A25A60E230051FC98 /* Build configuration list for PBXNativeTarget "TriviaReduxUITests" */ = {
			isa = XCConfigurationList;
			buildConfigurations = (
				910AD29B25A60E230051FC98 /* Debug */,
				910AD29C25A60E230051FC98 /* Release */,
			);
			defaultConfigurationIsVisible = 0;
			defaultConfigurationName = Release;
		};
/* End XCConfigurationList section */

/* Begin XCRemoteSwiftPackageReference section */
		915989C425ABC3B70059528B /* XCRemoteSwiftPackageReference "swift-html-entities" */ = {
			isa = XCRemoteSwiftPackageReference;
			repositoryURL = "git@github.com:Kitura/swift-html-entities.git";
			requirement = {
				branch = master;
				kind = branch;
			};
		};
/* End XCRemoteSwiftPackageReference section */

/* Begin XCSwiftPackageProductDependency section */
		915989C525ABC3B70059528B /* HTMLEntities */ = {
			isa = XCSwiftPackageProductDependency;
			package = 915989C425ABC3B70059528B /* XCRemoteSwiftPackageReference "swift-html-entities" */;
			productName = HTMLEntities;
		};
/* End XCSwiftPackageProductDependency section */
	};
	rootObject = 910AD26725A60E200051FC98 /* Project object */;
}
